
Microsoft Visual Studio Solution File, Format Version 12.00
# Visual Studio 15
VisualStudioVersion = 15.0.26730.10
MinimumVisualStudioVersion = 10.0.40219.1
Project("{FAE04EC0-301F-11D3-BF4B-00C04F79EFBC}") = "MyBackup", "MyBackup\MyBackup.csproj", "{B4E998DD-1B04-4BF2-BBD1-791646499013}"
EndProject
Global
	GlobalSection(SolutionConfigurationPlatforms) = preSolution
		Debug|Any CPU = Debug|Any CPU
		Release|Any CPU = Release|Any CPU
	EndGlobalSection
	GlobalSection(ProjectConfigurationPlatforms) = postSolution
		{B4E998DD-1B04-4BF2-BBD1-791646499013}.Debug|Any CPU.ActiveCfg = Debug|Any CPU
		{B4E998DD-1B04-4BF2-BBD1-791646499013}.Debug|Any CPU.Build.0 = Debug|Any CPU
		{B4E998DD-1B04-4BF2-BBD1-791646499013}.Release|Any CPU.ActiveCfg = Release|Any CPU
		{B4E998DD-1B04-4BF2-BBD1-791646499013}.Release|Any CPU.Build.0 = Release|Any CPU
	EndGlobalSection
	GlobalSection(SolutionProperties) = preSolution
		HideSolutionNode = FALSE
	EndGlobalSection
	GlobalSection(ExtensibilityGlobals) = postSolution
		SolutionGuid = {E2F49D91-21A1-45AB-ADB7-8EB89DCF3A28}
	EndGlobalSection
EndGlobal
